
Microsoft Visual Studio Solution File, Format Version 12.00
# Visual Studio 14
VisualStudioVersion = 14.0.22013.1
MinimumVisualStudioVersion = 10.0.40219.1
Project("{2150E333-8FDC-42A3-9474-1A3956D46DE8}") = "RegressionSuite", "RegressionSuite", "{5F4CD8E6-0182-4F24-BFE6-12A3417FB471}"
EndProject
Project("{FAE04EC0-301F-11D3-BF4B-00C04F79EFBC}") = "RacyRegressionSuite", "RegressionSuite\RacyRegressionSuite.csproj", "{3111A918-B973-4593-92C7-42CFE5729E83}"
EndProject
Project("{2150E333-8FDC-42A3-9474-1A3956D46DE8}") = "PSharpBench", "PSharpBench", "{8BCA5F86-90F1-4552-9E67-81AE6F6E5496}"
EndProject
Project("{FAE04EC0-301F-11D3-BF4B-00C04F79EFBC}") = "BasicPaxos", "PSharpBench\BasicPaxos\BasicPaxos.csproj", "{910735EC-7D55-46E9-83B5-26AEEA61ABE4}"
EndProject
Project("{FAE04EC0-301F-11D3-BF4B-00C04F79EFBC}") = "BoundedAsync", "PSharpBench\BoundedAsync\BoundedAsync.csproj", "{3FC3A452-7AD6-4EB8-A2CD-45EEAD027393}"
EndProject
Project("{FAE04EC0-301F-11D3-BF4B-00C04F79EFBC}") = "ChainReplication", "PSharpBench\ChainReplication\ChainReplication.csproj", "{B3C8B684-1B36-4048-B60F-50A949D7C53A}"
EndProject
Project("{FAE04EC0-301F-11D3-BF4B-00C04F79EFBC}") = "Chord", "PSharpBench\Chord\Chord.csproj", "{EE25D7F3-C853-4000-98B8-EF197747F51F}"
EndProject
Project("{FAE04EC0-301F-11D3-BF4B-00C04F79EFBC}") = "German", "PSharpBench\German\German.csproj", "{799157A3-9C0C-4A44-9301-4B8CA5D23199}"
EndProject
Project("{FAE04EC0-301F-11D3-BF4B-00C04F79EFBC}") = "MultiPaxos", "PSharpBench\MultiPaxos\MultiPaxos.csproj", "{A7CFFE98-D302-47A1-AC62-C6D68C930C47}"
EndProject
Project("{FAE04EC0-301F-11D3-BF4B-00C04F79EFBC}") = "Raft", "PSharpBench\Raft\Raft.csproj", "{5C62119A-4F22-4F9E-B63D-8FF6A2532A9F}"
EndProject
Project("{FAE04EC0-301F-11D3-BF4B-00C04F79EFBC}") = "TwoPhaseCommit", "PSharpBench\TwoPhaseCommit\TwoPhaseCommit.csproj", "{8E0B90F2-0CF7-4828-8756-2BFE6BC4D30B}"
EndProject
Project("{2150E333-8FDC-42A3-9474-1A3956D46DE8}") = "PSharpBenchRacy", "PSharpBenchRacy", "{EA672846-30B1-4D17-8B87-B2B7DB97F84C}"
EndProject
Project("{FAE04EC0-301F-11D3-BF4B-00C04F79EFBC}") = "BasicPaxosRacey", "PSharpBenchRacy\BasicPaxosRacey\BasicPaxosRacey.csproj", "{DEC3E6F1-DB6F-4179-B01A-2724FA1AC25E}"
EndProject
Project("{FAE04EC0-301F-11D3-BF4B-00C04F79EFBC}") = "BoundedAsyncRacey", "PSharpBenchRacy\BoundedAsyncRacey\BoundedAsyncRacey.csproj", "{C7EB4509-D103-4234-958A-5D82A2ACC0C3}"
EndProject
Project("{FAE04EC0-301F-11D3-BF4B-00C04F79EFBC}") = "ChainReplicationRacey", "PSharpBenchRacy\ChainReplicationRacey\ChainReplicationRacey.csproj", "{65761801-9134-4342-BE98-2D7029073EB5}"
EndProject
Project("{FAE04EC0-301F-11D3-BF4B-00C04F79EFBC}") = "ChordRacey", "PSharpBenchRacy\ChordRacey\ChordRacey.csproj", "{4FE50012-220D-41E8-8238-8F5C2B3DDA7A}"
EndProject
Project("{FAE04EC0-301F-11D3-BF4B-00C04F79EFBC}") = "GermanRacey", "PSharpBenchRacy\GermanRacey\GermanRacey.csproj", "{93F02641-B4BF-4A65-A50B-52C0E84CCF03}"
EndProject
Project("{FAE04EC0-301F-11D3-BF4B-00C04F79EFBC}") = "MultiPaxosRacey", "PSharpBenchRacy\MultiPaxosRacey\MultiPaxosRacey.csproj", "{9BC16700-0AC9-4FA5-AC24-E8CA984727F7}"
EndProject
Project("{FAE04EC0-301F-11D3-BF4B-00C04F79EFBC}") = "RaftRacey", "PSharpBenchRacy\RaftRacey\RaftRacey.csproj", "{B16B4169-7473-446F-978C-E1A4201E8A78}"
EndProject
Project("{FAE04EC0-301F-11D3-BF4B-00C04F79EFBC}") = "TwoPhaseCommitRacey", "PSharpBenchRacy\TwoPhaseCommitRacey\TwoPhaseCommitRacey.csproj", "{88524ED8-2A58-4776-AD14-E11B98EF2890}"
EndProject
Project("{2150E333-8FDC-42A3-9474-1A3956D46DE8}") = "SOTER", "SOTER", "{C826C359-1495-4A80-A606-BB73C8FC9C8D}"
EndProject
Project("{FAE04EC0-301F-11D3-BF4B-00C04F79EFBC}") = "Chameneos", "SOTER\Chameneos\Chameneos.csproj", "{FDC91696-DC12-4599-9B69-A37BA216DA5E}"
EndProject
Project("{FAE04EC0-301F-11D3-BF4B-00C04F79EFBC}") = "Leader", "SOTER\Leader\Leader.csproj", "{576A7859-1774-4242-ACDB-2468A7CB2A67}"
EndProject
Project("{FAE04EC0-301F-11D3-BF4B-00C04F79EFBC}") = "Pi", "SOTER\Pi\Pi.csproj", "{64724E22-3E16-433F-806A-0C49D401E28C}"
EndProject
Project("{FAE04EC0-301F-11D3-BF4B-00C04F79EFBC}") = "Swordfish", "SOTER\Swordfish\Swordfish.csproj", "{74815341-0821-4897-AA68-C424AE62BAA2}"
EndProject
Global
	GlobalSection(SolutionConfigurationPlatforms) = preSolution
		Debug|Any CPU = Debug|Any CPU
		Release|Any CPU = Release|Any CPU
	EndGlobalSection
	GlobalSection(ProjectConfigurationPlatforms) = postSolution
		{3111A918-B973-4593-92C7-42CFE5729E83}.Debug|Any CPU.ActiveCfg = Debug|Any CPU
		{3111A918-B973-4593-92C7-42CFE5729E83}.Debug|Any CPU.Build.0 = Debug|Any CPU
		{3111A918-B973-4593-92C7-42CFE5729E83}.Release|Any CPU.ActiveCfg = Release|Any CPU
		{3111A918-B973-4593-92C7-42CFE5729E83}.Release|Any CPU.Build.0 = Release|Any CPU
		{910735EC-7D55-46E9-83B5-26AEEA61ABE4}.Debug|Any CPU.ActiveCfg = Debug|Any CPU
		{910735EC-7D55-46E9-83B5-26AEEA61ABE4}.Debug|Any CPU.Build.0 = Debug|Any CPU
		{910735EC-7D55-46E9-83B5-26AEEA61ABE4}.Release|Any CPU.ActiveCfg = Release|Any CPU
		{910735EC-7D55-46E9-83B5-26AEEA61ABE4}.Release|Any CPU.Build.0 = Release|Any CPU
		{3FC3A452-7AD6-4EB8-A2CD-45EEAD027393}.Debug|Any CPU.ActiveCfg = Debug|Any CPU
		{3FC3A452-7AD6-4EB8-A2CD-45EEAD027393}.Debug|Any CPU.Build.0 = Debug|Any CPU
		{3FC3A452-7AD6-4EB8-A2CD-45EEAD027393}.Release|Any CPU.ActiveCfg = Release|Any CPU
		{3FC3A452-7AD6-4EB8-A2CD-45EEAD027393}.Release|Any CPU.Build.0 = Release|Any CPU
		{B3C8B684-1B36-4048-B60F-50A949D7C53A}.Debug|Any CPU.ActiveCfg = Debug|Any CPU
		{B3C8B684-1B36-4048-B60F-50A949D7C53A}.Debug|Any CPU.Build.0 = Debug|Any CPU
		{B3C8B684-1B36-4048-B60F-50A949D7C53A}.Release|Any CPU.ActiveCfg = Release|Any CPU
		{B3C8B684-1B36-4048-B60F-50A949D7C53A}.Release|Any CPU.Build.0 = Release|Any CPU
		{EE25D7F3-C853-4000-98B8-EF197747F51F}.Debug|Any CPU.ActiveCfg = Debug|Any CPU
		{EE25D7F3-C853-4000-98B8-EF197747F51F}.Debug|Any CPU.Build.0 = Debug|Any CPU
		{EE25D7F3-C853-4000-98B8-EF197747F51F}.Release|Any CPU.ActiveCfg = Release|Any CPU
		{EE25D7F3-C853-4000-98B8-EF197747F51F}.Release|Any CPU.Build.0 = Release|Any CPU
		{799157A3-9C0C-4A44-9301-4B8CA5D23199}.Debug|Any CPU.ActiveCfg = Debug|Any CPU
		{799157A3-9C0C-4A44-9301-4B8CA5D23199}.Debug|Any CPU.Build.0 = Debug|Any CPU
		{799157A3-9C0C-4A44-9301-4B8CA5D23199}.Release|Any CPU.ActiveCfg = Release|Any CPU
		{799157A3-9C0C-4A44-9301-4B8CA5D23199}.Release|Any CPU.Build.0 = Release|Any CPU
		{A7CFFE98-D302-47A1-AC62-C6D68C930C47}.Debug|Any CPU.ActiveCfg = Debug|Any CPU
		{A7CFFE98-D302-47A1-AC62-C6D68C930C47}.Debug|Any CPU.Build.0 = Debug|Any CPU
		{A7CFFE98-D302-47A1-AC62-C6D68C930C47}.Release|Any CPU.ActiveCfg = Release|Any CPU
		{A7CFFE98-D302-47A1-AC62-C6D68C930C47}.Release|Any CPU.Build.0 = Release|Any CPU
		{5C62119A-4F22-4F9E-B63D-8FF6A2532A9F}.Debug|Any CPU.ActiveCfg = Debug|Any CPU
		{5C62119A-4F22-4F9E-B63D-8FF6A2532A9F}.Debug|Any CPU.Build.0 = Debug|Any CPU
		{5C62119A-4F22-4F9E-B63D-8FF6A2532A9F}.Release|Any CPU.ActiveCfg = Release|Any CPU
		{5C62119A-4F22-4F9E-B63D-8FF6A2532A9F}.Release|Any CPU.Build.0 = Release|Any CPU
		{8E0B90F2-0CF7-4828-8756-2BFE6BC4D30B}.Debug|Any CPU.ActiveCfg = Debug|Any CPU
		{8E0B90F2-0CF7-4828-8756-2BFE6BC4D30B}.Debug|Any CPU.Build.0 = Debug|Any CPU
		{8E0B90F2-0CF7-4828-8756-2BFE6BC4D30B}.Release|Any CPU.ActiveCfg = Release|Any CPU
		{8E0B90F2-0CF7-4828-8756-2BFE6BC4D30B}.Release|Any CPU.Build.0 = Release|Any CPU
		{DEC3E6F1-DB6F-4179-B01A-2724FA1AC25E}.Debug|Any CPU.ActiveCfg = Debug|Any CPU
		{DEC3E6F1-DB6F-4179-B01A-2724FA1AC25E}.Debug|Any CPU.Build.0 = Debug|Any CPU
		{DEC3E6F1-DB6F-4179-B01A-2724FA1AC25E}.Release|Any CPU.ActiveCfg = Release|Any CPU
		{DEC3E6F1-DB6F-4179-B01A-2724FA1AC25E}.Release|Any CPU.Build.0 = Release|Any CPU
		{C7EB4509-D103-4234-958A-5D82A2ACC0C3}.Debug|Any CPU.ActiveCfg = Debug|Any CPU
		{C7EB4509-D103-4234-958A-5D82A2ACC0C3}.Debug|Any CPU.Build.0 = Debug|Any CPU
		{C7EB4509-D103-4234-958A-5D82A2ACC0C3}.Release|Any CPU.ActiveCfg = Release|Any CPU
		{C7EB4509-D103-4234-958A-5D82A2ACC0C3}.Release|Any CPU.Build.0 = Release|Any CPU
		{65761801-9134-4342-BE98-2D7029073EB5}.Debug|Any CPU.ActiveCfg = Debug|Any CPU
		{65761801-9134-4342-BE98-2D7029073EB5}.Debug|Any CPU.Build.0 = Debug|Any CPU
		{65761801-9134-4342-BE98-2D7029073EB5}.Release|Any CPU.ActiveCfg = Release|Any CPU
		{65761801-9134-4342-BE98-2D7029073EB5}.Release|Any CPU.Build.0 = Release|Any CPU
		{4FE50012-220D-41E8-8238-8F5C2B3DDA7A}.Debug|Any CPU.ActiveCfg = Debug|Any CPU
		{4FE50012-220D-41E8-8238-8F5C2B3DDA7A}.Debug|Any CPU.Build.0 = Debug|Any CPU
		{4FE50012-220D-41E8-8238-8F5C2B3DDA7A}.Release|Any CPU.ActiveCfg = Release|Any CPU
		{4FE50012-220D-41E8-8238-8F5C2B3DDA7A}.Release|Any CPU.Build.0 = Release|Any CPU
		{93F02641-B4BF-4A65-A50B-52C0E84CCF03}.Debug|Any CPU.ActiveCfg = Debug|Any CPU
		{93F02641-B4BF-4A65-A50B-52C0E84CCF03}.Debug|Any CPU.Build.0 = Debug|Any CPU
		{93F02641-B4BF-4A65-A50B-52C0E84CCF03}.Release|Any CPU.ActiveCfg = Release|Any CPU
		{93F02641-B4BF-4A65-A50B-52C0E84CCF03}.Release|Any CPU.Build.0 = Release|Any CPU
		{9BC16700-0AC9-4FA5-AC24-E8CA984727F7}.Debug|Any CPU.ActiveCfg = Debug|Any CPU
		{9BC16700-0AC9-4FA5-AC24-E8CA984727F7}.Debug|Any CPU.Build.0 = Debug|Any CPU
		{9BC16700-0AC9-4FA5-AC24-E8CA984727F7}.Release|Any CPU.ActiveCfg = Release|Any CPU
		{9BC16700-0AC9-4FA5-AC24-E8CA984727F7}.Release|Any CPU.Build.0 = Release|Any CPU
		{B16B4169-7473-446F-978C-E1A4201E8A78}.Debug|Any CPU.ActiveCfg = Debug|Any CPU
		{B16B4169-7473-446F-978C-E1A4201E8A78}.Debug|Any CPU.Build.0 = Debug|Any CPU
		{B16B4169-7473-446F-978C-E1A4201E8A78}.Release|Any CPU.ActiveCfg = Release|Any CPU
		{B16B4169-7473-446F-978C-E1A4201E8A78}.Release|Any CPU.Build.0 = Release|Any CPU
		{88524ED8-2A58-4776-AD14-E11B98EF2890}.Debug|Any CPU.ActiveCfg = Debug|Any CPU
		{88524ED8-2A58-4776-AD14-E11B98EF2890}.Debug|Any CPU.Build.0 = Debug|Any CPU
		{88524ED8-2A58-4776-AD14-E11B98EF2890}.Release|Any CPU.ActiveCfg = Release|Any CPU
		{88524ED8-2A58-4776-AD14-E11B98EF2890}.Release|Any CPU.Build.0 = Release|Any CPU
		{FDC91696-DC12-4599-9B69-A37BA216DA5E}.Debug|Any CPU.ActiveCfg = Debug|Any CPU
		{FDC91696-DC12-4599-9B69-A37BA216DA5E}.Debug|Any CPU.Build.0 = Debug|Any CPU
		{FDC91696-DC12-4599-9B69-A37BA216DA5E}.Release|Any CPU.ActiveCfg = Release|Any CPU
		{FDC91696-DC12-4599-9B69-A37BA216DA5E}.Release|Any CPU.Build.0 = Release|Any CPU
		{576A7859-1774-4242-ACDB-2468A7CB2A67}.Debug|Any CPU.ActiveCfg = Debug|Any CPU
		{576A7859-1774-4242-ACDB-2468A7CB2A67}.Debug|Any CPU.Build.0 = Debug|Any CPU
		{576A7859-1774-4242-ACDB-2468A7CB2A67}.Release|Any CPU.ActiveCfg = Release|Any CPU
		{576A7859-1774-4242-ACDB-2468A7CB2A67}.Release|Any CPU.Build.0 = Release|Any CPU
		{64724E22-3E16-433F-806A-0C49D401E28C}.Debug|Any CPU.ActiveCfg = Debug|Any CPU
		{64724E22-3E16-433F-806A-0C49D401E28C}.Debug|Any CPU.Build.0 = Debug|Any CPU
		{64724E22-3E16-433F-806A-0C49D401E28C}.Release|Any CPU.ActiveCfg = Release|Any CPU
		{64724E22-3E16-433F-806A-0C49D401E28C}.Release|Any CPU.Build.0 = Release|Any CPU
		{74815341-0821-4897-AA68-C424AE62BAA2}.Debug|Any CPU.ActiveCfg = Debug|Any CPU
		{74815341-0821-4897-AA68-C424AE62BAA2}.Debug|Any CPU.Build.0 = Debug|Any CPU
		{74815341-0821-4897-AA68-C424AE62BAA2}.Release|Any CPU.ActiveCfg = Release|Any CPU
		{74815341-0821-4897-AA68-C424AE62BAA2}.Release|Any CPU.Build.0 = Release|Any CPU
	EndGlobalSection
	GlobalSection(SolutionProperties) = preSolution
		HideSolutionNode = FALSE
	EndGlobalSection
	GlobalSection(NestedProjects) = preSolution
		{3111A918-B973-4593-92C7-42CFE5729E83} = {5F4CD8E6-0182-4F24-BFE6-12A3417FB471}
		{910735EC-7D55-46E9-83B5-26AEEA61ABE4} = {8BCA5F86-90F1-4552-9E67-81AE6F6E5496}
		{3FC3A452-7AD6-4EB8-A2CD-45EEAD027393} = {8BCA5F86-90F1-4552-9E67-81AE6F6E5496}
		{B3C8B684-1B36-4048-B60F-50A949D7C53A} = {8BCA5F86-90F1-4552-9E67-81AE6F6E5496}
		{EE25D7F3-C853-4000-98B8-EF197747F51F} = {8BCA5F86-90F1-4552-9E67-81AE6F6E5496}
		{799157A3-9C0C-4A44-9301-4B8CA5D23199} = {8BCA5F86-90F1-4552-9E67-81AE6F6E5496}
		{A7CFFE98-D302-47A1-AC62-C6D68C930C47} = {8BCA5F86-90F1-4552-9E67-81AE6F6E5496}
		{5C62119A-4F22-4F9E-B63D-8FF6A2532A9F} = {8BCA5F86-90F1-4552-9E67-81AE6F6E5496}
		{8E0B90F2-0CF7-4828-8756-2BFE6BC4D30B} = {8BCA5F86-90F1-4552-9E67-81AE6F6E5496}
		{DEC3E6F1-DB6F-4179-B01A-2724FA1AC25E} = {EA672846-30B1-4D17-8B87-B2B7DB97F84C}
		{C7EB4509-D103-4234-958A-5D82A2ACC0C3} = {EA672846-30B1-4D17-8B87-B2B7DB97F84C}
		{65761801-9134-4342-BE98-2D7029073EB5} = {EA672846-30B1-4D17-8B87-B2B7DB97F84C}
		{4FE50012-220D-41E8-8238-8F5C2B3DDA7A} = {EA672846-30B1-4D17-8B87-B2B7DB97F84C}
		{93F02641-B4BF-4A65-A50B-52C0E84CCF03} = {EA672846-30B1-4D17-8B87-B2B7DB97F84C}
		{9BC16700-0AC9-4FA5-AC24-E8CA984727F7} = {EA672846-30B1-4D17-8B87-B2B7DB97F84C}
		{B16B4169-7473-446F-978C-E1A4201E8A78} = {EA672846-30B1-4D17-8B87-B2B7DB97F84C}
		{88524ED8-2A58-4776-AD14-E11B98EF2890} = {EA672846-30B1-4D17-8B87-B2B7DB97F84C}
		{FDC91696-DC12-4599-9B69-A37BA216DA5E} = {C826C359-1495-4A80-A606-BB73C8FC9C8D}
		{576A7859-1774-4242-ACDB-2468A7CB2A67} = {C826C359-1495-4A80-A606-BB73C8FC9C8D}
		{64724E22-3E16-433F-806A-0C49D401E28C} = {C826C359-1495-4A80-A606-BB73C8FC9C8D}
		{74815341-0821-4897-AA68-C424AE62BAA2} = {C826C359-1495-4A80-A606-BB73C8FC9C8D}
	EndGlobalSection
EndGlobal
